
Microsoft Visual Studio Solution File, Format Version 12.00
# Visual Studio Version 17
VisualStudioVersion = 17.8.34309.116
MinimumVisualStudioVersion = 10.0.40219.1
Project("{FAE04EC0-301F-11D3-BF4B-00C04F79EFBC}") = "Cars.API", "Cars.API\Cars.API.csproj", "{D7C3C347-92F5-4520-8E47-D1294036F750}"
EndProject
Global
	GlobalSection(SolutionConfigurationPlatforms) = preSolution
		Debug|Any CPU = Debug|Any CPU
		Release|Any CPU = Release|Any CPU
	EndGlobalSection
	GlobalSection(ProjectConfigurationPlatforms) = postSolution
		{D7C3C347-92F5-4520-8E47-D1294036F750}.Debug|Any CPU.ActiveCfg = Debug|Any CPU
		{D7C3C347-92F5-4520-8E47-D1294036F750}.Debug|Any CPU.Build.0 = Debug|Any CPU
		{D7C3C347-92F5-4520-8E47-D1294036F750}.Release|Any CPU.ActiveCfg = Release|Any CPU
		{D7C3C347-92F5-4520-8E47-D1294036F750}.Release|Any CPU.Build.0 = Release|Any CPU
	EndGlobalSection
	GlobalSection(SolutionProperties) = preSolution
		HideSolutionNode = FALSE
	EndGlobalSection
	GlobalSection(ExtensibilityGlobals) = postSolution
		SolutionGuid = {39549CBD-DD57-41A6-A759-D3F56902AC90}
	EndGlobalSection
EndGlobal
